// !$*UTF8*$!
{
	archiveVersion = 1;
	classes = {
	};
	objectVersion = 56;
	objects = {

/* Begin PBXBuildFile section */
		D3470F782BE0DD98006B3A0B /* HorizontalSnappingController.swift in Sources */ = {isa = PBXBuildFile; fileRef = D3470F772BE0DD98006B3A0B /* HorizontalSnappingController.swift */; };
		D3470F7A2BE0DDB5006B3A0B /* BetterSnappingLayout.swift in Sources */ = {isa = PBXBuildFile; fileRef = D3470F792BE0DDB5006B3A0B /* BetterSnappingLayout.swift */; };
		D3470F7F2BE0FA74006B3A0B /* AppDetailController.swift in Sources */ = {isa = PBXBuildFile; fileRef = D3470F7E2BE0FA74006B3A0B /* AppDetailController.swift */; };
		D3470F822BE2A765006B3A0B /* AppDetailCell.swift in Sources */ = {isa = PBXBuildFile; fileRef = D3470F812BE2A765006B3A0B /* AppDetailCell.swift */; };
		D38614B52BDD7D61000E1701 /* AppGroup.swift in Sources */ = {isa = PBXBuildFile; fileRef = D38614B42BDD7D61000E1701 /* AppGroup.swift */; };
		D3877E6C2C1F40D20022D913 /* ReviewRowCell.swift in Sources */ = {isa = PBXBuildFile; fileRef = D3877E6B2C1F40D20022D913 /* ReviewRowCell.swift */; };
		D3877E6E2C1F41680022D913 /* ReviewsController.swift in Sources */ = {isa = PBXBuildFile; fileRef = D3877E6D2C1F41680022D913 /* ReviewsController.swift */; };
		D3877E702C1F41B60022D913 /* ReviewCell.swift in Sources */ = {isa = PBXBuildFile; fileRef = D3877E6F2C1F41B60022D913 /* ReviewCell.swift */; };
		D39C28B12BDFC1B300DA6D13 /* SocialApp.swift in Sources */ = {isa = PBXBuildFile; fileRef = D39C28B02BDFC1B300DA6D13 /* SocialApp.swift */; };
		D3A382EC2BD57F7A00ABD53A /* AppsPageHeader.swift in Sources */ = {isa = PBXBuildFile; fileRef = D3A382EB2BD57F7A00ABD53A /* AppsPageHeader.swift */; };
		D3A382EE2BD581A500ABD53A /* AppsHeaderHorizontalController.swift in Sources */ = {isa = PBXBuildFile; fileRef = D3A382ED2BD581A500ABD53A /* AppsHeaderHorizontalController.swift */; };
		D3A382F02BD58B8800ABD53A /* AppsHeaderCell.swift in Sources */ = {isa = PBXBuildFile; fileRef = D3A382EF2BD58B8800ABD53A /* AppsHeaderCell.swift */; };
		D3A46B252BE802880018092F /* UILabel+Extensions.swift in Sources */ = {isa = PBXBuildFile; fileRef = D3A46B242BE802880018092F /* UILabel+Extensions.swift */; };
		D3A46B272BE802BA0018092F /* UIButton+Extensions.swift in Sources */ = {isa = PBXBuildFile; fileRef = D3A46B262BE802BA0018092F /* UIButton+Extensions.swift */; };
		D3A46B292BE803030018092F /* UIImageView+Extensions.swift in Sources */ = {isa = PBXBuildFile; fileRef = D3A46B282BE803030018092F /* UIImageView+Extensions.swift */; };
		D3AB7C9F2BE6B505002B321F /* PreviewCell.swift in Sources */ = {isa = PBXBuildFile; fileRef = D3AB7C9E2BE6B505002B321F /* PreviewCell.swift */; };
		D3AB7CA12BE6B77C002B321F /* PreviewScreenshotsController.swift in Sources */ = {isa = PBXBuildFile; fileRef = D3AB7CA02BE6B77C002B321F /* PreviewScreenshotsController.swift */; };
		D3AF3E5E2B747A9100344792 /* AppDelegate.swift in Sources */ = {isa = PBXBuildFile; fileRef = D3AF3E5D2B747A9100344792 /* AppDelegate.swift */; };
		D3AF3E602B747A9100344792 /* SceneDelegate.swift in Sources */ = {isa = PBXBuildFile; fileRef = D3AF3E5F2B747A9100344792 /* SceneDelegate.swift */; };
		D3AF3E622B747A9100344792 /* ViewController.swift in Sources */ = {isa = PBXBuildFile; fileRef = D3AF3E612B747A9100344792 /* ViewController.swift */; };
		D3AF3E652B747A9100344792 /* Main.storyboard in Resources */ = {isa = PBXBuildFile; fileRef = D3AF3E632B747A9100344792 /* Main.storyboard */; };
		D3AF3E672B747A9300344792 /* Assets.xcassets in Resources */ = {isa = PBXBuildFile; fileRef = D3AF3E662B747A9300344792 /* Assets.xcassets */; };
		D3AF3E6A2B747A9300344792 /* LaunchScreen.storyboard in Resources */ = {isa = PBXBuildFile; fileRef = D3AF3E682B747A9300344792 /* LaunchScreen.storyboard */; };
		D3AF3E732B74873D00344792 /* BaseTabBarController.swift in Sources */ = {isa = PBXBuildFile; fileRef = D3AF3E722B74873D00344792 /* BaseTabBarController.swift */; };
		D3AF3E752B74985800344792 /* AppSearchControllerViewController.swift in Sources */ = {isa = PBXBuildFile; fileRef = D3AF3E742B74985800344792 /* AppSearchControllerViewController.swift */; };
		D3AF3E782B749F4700344792 /* SearchResultCell.swift in Sources */ = {isa = PBXBuildFile; fileRef = D3AF3E772B749F4700344792 /* SearchResultCell.swift */; };
		D3AF3E7B2B74A07C00344792 /* SnapKit in Frameworks */ = {isa = PBXBuildFile; productRef = D3AF3E7A2B74A07C00344792 /* SnapKit */; };
		D3B3875A2BD248E500FB552D /* AppRowCell.swift in Sources */ = {isa = PBXBuildFile; fileRef = D3B387592BD248E500FB552D /* AppRowCell.swift */; };
		D3B586302BCC4AC700FFFA12 /* AppsController.swift in Sources */ = {isa = PBXBuildFile; fileRef = D3B5862F2BCC4AC700FFFA12 /* AppsController.swift */; };
		D3B586322BCC4AEA00FFFA12 /* BaseListController.swift in Sources */ = {isa = PBXBuildFile; fileRef = D3B586312BCC4AEA00FFFA12 /* BaseListController.swift */; };
		D3B586362BCC4C5700FFFA12 /* AppsGroupCell.swift in Sources */ = {isa = PBXBuildFile; fileRef = D3B586352BCC4C5700FFFA12 /* AppsGroupCell.swift */; };
		D3B586382BCC4E3900FFFA12 /* AppsHorizontalController.swift in Sources */ = {isa = PBXBuildFile; fileRef = D3B586372BCC4E3900FFFA12 /* AppsHorizontalController.swift */; };
		D3B6D19C2BC6CBF800FFE51E /* SDWebImage in Frameworks */ = {isa = PBXBuildFile; productRef = D3B6D19B2BC6CBF800FFE51E /* SDWebImage */; };
		D3E792232BC594A50099D3D7 /* SearchResult.swift in Sources */ = {isa = PBXBuildFile; fileRef = D3E792222BC594A50099D3D7 /* SearchResult.swift */; };
		D3E792262BC599950099D3D7 /* Service.swift in Sources */ = {isa = PBXBuildFile; fileRef = D3E792252BC599950099D3D7 /* Service.swift */; };
		D3F951BA2B7DDC26006C8D2D /* VerticalStackView.swift in Sources */ = {isa = PBXBuildFile; fileRef = D3F951B92B7DDC26006C8D2D /* VerticalStackView.swift */; };
/* End PBXBuildFile section */

/* Begin PBXFileReference section */
		D3470F772BE0DD98006B3A0B /* HorizontalSnappingController.swift */ = {isa = PBXFileReference; lastKnownFileType = sourcecode.swift; path = HorizontalSnappingController.swift; sourceTree = "<group>"; };
		D3470F792BE0DDB5006B3A0B /* BetterSnappingLayout.swift */ = {isa = PBXFileReference; lastKnownFileType = sourcecode.swift; path = BetterSnappingLayout.swift; sourceTree = "<group>"; };
		D3470F7E2BE0FA74006B3A0B /* AppDetailController.swift */ = {isa = PBXFileReference; lastKnownFileType = sourcecode.swift; path = AppDetailController.swift; sourceTree = "<group>"; };
		D3470F812BE2A765006B3A0B /* AppDetailCell.swift */ = {isa = PBXFileReference; lastKnownFileType = sourcecode.swift; path = AppDetailCell.swift; sourceTree = "<group>"; };
		D38614B42BDD7D61000E1701 /* AppGroup.swift */ = {isa = PBXFileReference; lastKnownFileType = sourcecode.swift; path = AppGroup.swift; sourceTree = "<group>"; };
		D3877E6B2C1F40D20022D913 /* ReviewRowCell.swift */ = {isa = PBXFileReference; lastKnownFileType = sourcecode.swift; path = ReviewRowCell.swift; sourceTree = "<group>"; };
		D3877E6D2C1F41680022D913 /* ReviewsController.swift */ = {isa = PBXFileReference; lastKnownFileType = sourcecode.swift; path = ReviewsController.swift; sourceTree = "<group>"; };
		D3877E6F2C1F41B60022D913 /* ReviewCell.swift */ = {isa = PBXFileReference; lastKnownFileType = sourcecode.swift; path = ReviewCell.swift; sourceTree = "<group>"; };
		D39C28B02BDFC1B300DA6D13 /* SocialApp.swift */ = {isa = PBXFileReference; lastKnownFileType = sourcecode.swift; path = SocialApp.swift; sourceTree = "<group>"; };
		D3A382EB2BD57F7A00ABD53A /* AppsPageHeader.swift */ = {isa = PBXFileReference; lastKnownFileType = sourcecode.swift; path = AppsPageHeader.swift; sourceTree = "<group>"; };
		D3A382ED2BD581A500ABD53A /* AppsHeaderHorizontalController.swift */ = {isa = PBXFileReference; lastKnownFileType = sourcecode.swift; path = AppsHeaderHorizontalController.swift; sourceTree = "<group>"; };
		D3A382EF2BD58B8800ABD53A /* AppsHeaderCell.swift */ = {isa = PBXFileReference; lastKnownFileType = sourcecode.swift; path = AppsHeaderCell.swift; sourceTree = "<group>"; };
		D3A46B242BE802880018092F /* UILabel+Extensions.swift */ = {isa = PBXFileReference; lastKnownFileType = sourcecode.swift; path = "UILabel+Extensions.swift"; sourceTree = "<group>"; };
		D3A46B262BE802BA0018092F /* UIButton+Extensions.swift */ = {isa = PBXFileReference; lastKnownFileType = sourcecode.swift; path = "UIButton+Extensions.swift"; sourceTree = "<group>"; };
		D3A46B282BE803030018092F /* UIImageView+Extensions.swift */ = {isa = PBXFileReference; lastKnownFileType = sourcecode.swift; path = "UIImageView+Extensions.swift"; sourceTree = "<group>"; };
		D3AB7C9E2BE6B505002B321F /* PreviewCell.swift */ = {isa = PBXFileReference; lastKnownFileType = sourcecode.swift; path = PreviewCell.swift; sourceTree = "<group>"; };
		D3AB7CA02BE6B77C002B321F /* PreviewScreenshotsController.swift */ = {isa = PBXFileReference; lastKnownFileType = sourcecode.swift; path = PreviewScreenshotsController.swift; sourceTree = "<group>"; };
		D3AF3E5A2B747A9100344792 /* AppStoreClone.app */ = {isa = PBXFileReference; explicitFileType = wrapper.application; includeInIndex = 0; path = AppStoreClone.app; sourceTree = BUILT_PRODUCTS_DIR; };
		D3AF3E5D2B747A9100344792 /* AppDelegate.swift */ = {isa = PBXFileReference; lastKnownFileType = sourcecode.swift; path = AppDelegate.swift; sourceTree = "<group>"; };
		D3AF3E5F2B747A9100344792 /* SceneDelegate.swift */ = {isa = PBXFileReference; lastKnownFileType = sourcecode.swift; path = SceneDelegate.swift; sourceTree = "<group>"; };
		D3AF3E612B747A9100344792 /* ViewController.swift */ = {isa = PBXFileReference; lastKnownFileType = sourcecode.swift; path = ViewController.swift; sourceTree = "<group>"; };
		D3AF3E642B747A9100344792 /* Base */ = {isa = PBXFileReference; lastKnownFileType = file.storyboard; name = Base; path = Base.lproj/Main.storyboard; sourceTree = "<group>"; };
		D3AF3E662B747A9300344792 /* Assets.xcassets */ = {isa = PBXFileReference; lastKnownFileType = folder.assetcatalog; path = Assets.xcassets; sourceTree = "<group>"; };
		D3AF3E692B747A9300344792 /* Base */ = {isa = PBXFileReference; lastKnownFileType = file.storyboard; name = Base; path = Base.lproj/LaunchScreen.storyboard; sourceTree = "<group>"; };
		D3AF3E6B2B747A9300344792 /* Info.plist */ = {isa = PBXFileReference; lastKnownFileType = text.plist.xml; path = Info.plist; sourceTree = "<group>"; };
		D3AF3E722B74873D00344792 /* BaseTabBarController.swift */ = {isa = PBXFileReference; lastKnownFileType = sourcecode.swift; path = BaseTabBarController.swift; sourceTree = "<group>"; };
		D3AF3E742B74985800344792 /* AppSearchControllerViewController.swift */ = {isa = PBXFileReference; lastKnownFileType = sourcecode.swift; path = AppSearchControllerViewController.swift; sourceTree = "<group>"; };
		D3AF3E772B749F4700344792 /* SearchResultCell.swift */ = {isa = PBXFileReference; lastKnownFileType = sourcecode.swift; path = SearchResultCell.swift; sourceTree = "<group>"; };
		D3B387592BD248E500FB552D /* AppRowCell.swift */ = {isa = PBXFileReference; lastKnownFileType = sourcecode.swift; path = AppRowCell.swift; sourceTree = "<group>"; };
		D3B5862F2BCC4AC700FFFA12 /* AppsController.swift */ = {isa = PBXFileReference; lastKnownFileType = sourcecode.swift; path = AppsController.swift; sourceTree = "<group>"; };
		D3B586312BCC4AEA00FFFA12 /* BaseListController.swift */ = {isa = PBXFileReference; lastKnownFileType = sourcecode.swift; path = BaseListController.swift; sourceTree = "<group>"; };
		D3B586352BCC4C5700FFFA12 /* AppsGroupCell.swift */ = {isa = PBXFileReference; lastKnownFileType = sourcecode.swift; path = AppsGroupCell.swift; sourceTree = "<group>"; };
		D3B586372BCC4E3900FFFA12 /* AppsHorizontalController.swift */ = {isa = PBXFileReference; lastKnownFileType = sourcecode.swift; path = AppsHorizontalController.swift; sourceTree = "<group>"; };
		D3E792222BC594A50099D3D7 /* SearchResult.swift */ = {isa = PBXFileReference; lastKnownFileType = sourcecode.swift; path = SearchResult.swift; sourceTree = "<group>"; };
		D3E792252BC599950099D3D7 /* Service.swift */ = {isa = PBXFileReference; lastKnownFileType = sourcecode.swift; path = Service.swift; sourceTree = "<group>"; };
		D3F951B92B7DDC26006C8D2D /* VerticalStackView.swift */ = {isa = PBXFileReference; lastKnownFileType = sourcecode.swift; path = VerticalStackView.swift; sourceTree = "<group>"; };
/* End PBXFileReference section */

/* Begin PBXFrameworksBuildPhase section */
		D3AF3E572B747A9100344792 /* Frameworks */ = {
			isa = PBXFrameworksBuildPhase;
			buildActionMask = 2147483647;
			files = (
				D3B6D19C2BC6CBF800FFE51E /* SDWebImage in Frameworks */,
				D3AF3E7B2B74A07C00344792 /* SnapKit in Frameworks */,
			);
			runOnlyForDeploymentPostprocessing = 0;
		};
/* End PBXFrameworksBuildPhase section */

/* Begin PBXGroup section */
		D3470F7D2BE0FA38006B3A0B /* Details */ = {
			isa = PBXGroup;
			children = (
				D3470F7E2BE0FA74006B3A0B /* AppDetailController.swift */,
				D3AB7CA02BE6B77C002B321F /* PreviewScreenshotsController.swift */,
				D3877E6D2C1F41680022D913 /* ReviewsController.swift */,
			);
			path = Details;
			sourceTree = "<group>";
		};
		D3470F802BE2A74E006B3A0B /* Details */ = {
			isa = PBXGroup;
			children = (
				D3470F812BE2A765006B3A0B /* AppDetailCell.swift */,
				D3AB7C9E2BE6B505002B321F /* PreviewCell.swift */,
				D3877E6B2C1F40D20022D913 /* ReviewRowCell.swift */,
				D3877E6F2C1F41B60022D913 /* ReviewCell.swift */,
			);
			path = Details;
			sourceTree = "<group>";
		};
		D3AF3E512B747A9100344792 = {
			isa = PBXGroup;
			children = (
				D3AF3E5C2B747A9100344792 /* AppStoreClone */,
				D3AF3E5B2B747A9100344792 /* Products */,
			);
			sourceTree = "<group>";
		};
		D3AF3E5B2B747A9100344792 /* Products */ = {
			isa = PBXGroup;
			children = (
				D3AF3E5A2B747A9100344792 /* AppStoreClone.app */,
			);
			name = Products;
			sourceTree = "<group>";
		};
		D3AF3E5C2B747A9100344792 /* AppStoreClone */ = {
			isa = PBXGroup;
			children = (
				D3E792242BC599820099D3D7 /* Service */,
				D3E792212BC5948D0099D3D7 /* Models */,
				D3F951B82B7DDC01006C8D2D /* Helpers */,
				D3AF3E762B749F2900344792 /* Views */,
				D3AF3E712B74872200344792 /* Controllers */,
				D3AF3E5D2B747A9100344792 /* AppDelegate.swift */,
				D3AF3E5F2B747A9100344792 /* SceneDelegate.swift */,
				D3AF3E612B747A9100344792 /* ViewController.swift */,
				D3AF3E632B747A9100344792 /* Main.storyboard */,
				D3AF3E662B747A9300344792 /* Assets.xcassets */,
				D3AF3E682B747A9300344792 /* LaunchScreen.storyboard */,
				D3AF3E6B2B747A9300344792 /* Info.plist */,
			);
			path = AppStoreClone;
			sourceTree = "<group>";
		};
		D3AF3E712B74872200344792 /* Controllers */ = {
			isa = PBXGroup;
			children = (
				D3B5862E2BCC4A8900FFFA12 /* Search */,
				D3B5862D2BCC45E400FFFA12 /* Apps */,
				D3AF3E722B74873D00344792 /* BaseTabBarController.swift */,
				D3B586312BCC4AEA00FFFA12 /* BaseListController.swift */,
				D3470F772BE0DD98006B3A0B /* HorizontalSnappingController.swift */,
			);
			path = Controllers;
			sourceTree = "<group>";
		};
		D3AF3E762B749F2900344792 /* Views */ = {
			isa = PBXGroup;
			children = (
				D3B586342BCC4C4200FFFA12 /* Apps */,
				D3B586332BCC4C2D00FFFA12 /* Search */,
			);
			path = Views;
			sourceTree = "<group>";
		};
		D3B5862D2BCC45E400FFFA12 /* Apps */ = {
			isa = PBXGroup;
			children = (
				D3470F7D2BE0FA38006B3A0B /* Details */,
				D3B5862F2BCC4AC700FFFA12 /* AppsController.swift */,
				D3B586372BCC4E3900FFFA12 /* AppsHorizontalController.swift */,
				D3A382ED2BD581A500ABD53A /* AppsHeaderHorizontalController.swift */,
			);
			path = Apps;
			sourceTree = "<group>";
		};
		D3B5862E2BCC4A8900FFFA12 /* Search */ = {
			isa = PBXGroup;
			children = (
				D3AF3E742B74985800344792 /* AppSearchControllerViewController.swift */,
			);
			path = Search;
			sourceTree = "<group>";
		};
		D3B586332BCC4C2D00FFFA12 /* Search */ = {
			isa = PBXGroup;
			children = (
				D3AF3E772B749F4700344792 /* SearchResultCell.swift */,
			);
			path = Search;
			sourceTree = "<group>";
		};
		D3B586342BCC4C4200FFFA12 /* Apps */ = {
			isa = PBXGroup;
			children = (
				D3470F802BE2A74E006B3A0B /* Details */,
				D3B586352BCC4C5700FFFA12 /* AppsGroupCell.swift */,
				D3B387592BD248E500FB552D /* AppRowCell.swift */,
				D3A382EB2BD57F7A00ABD53A /* AppsPageHeader.swift */,
				D3A382EF2BD58B8800ABD53A /* AppsHeaderCell.swift */,
			);
			path = Apps;
			sourceTree = "<group>";
		};
		D3E792212BC5948D0099D3D7 /* Models */ = {
			isa = PBXGroup;
			children = (
				D3E792222BC594A50099D3D7 /* SearchResult.swift */,
				D38614B42BDD7D61000E1701 /* AppGroup.swift */,
				D39C28B02BDFC1B300DA6D13 /* SocialApp.swift */,
			);
			path = Models;
			sourceTree = "<group>";
		};
		D3E792242BC599820099D3D7 /* Service */ = {
			isa = PBXGroup;
			children = (
				D3E792252BC599950099D3D7 /* Service.swift */,
			);
			path = Service;
			sourceTree = "<group>";
		};
		D3F951B82B7DDC01006C8D2D /* Helpers */ = {
			isa = PBXGroup;
			children = (
				D3F951B92B7DDC26006C8D2D /* VerticalStackView.swift */,
				D3470F792BE0DDB5006B3A0B /* BetterSnappingLayout.swift */,
				D3A46B242BE802880018092F /* UILabel+Extensions.swift */,
				D3A46B262BE802BA0018092F /* UIButton+Extensions.swift */,
				D3A46B282BE803030018092F /* UIImageView+Extensions.swift */,
			);
			path = Helpers;
			sourceTree = "<group>";
		};
/* End PBXGroup section */

/* Begin PBXNativeTarget section */
		D3AF3E592B747A9100344792 /* AppStoreClone */ = {
			isa = PBXNativeTarget;
			buildConfigurationList = D3AF3E6E2B747A9300344792 /* Build configuration list for PBXNativeTarget "AppStoreClone" */;
			buildPhases = (
				D3AF3E562B747A9100344792 /* Sources */,
				D3AF3E572B747A9100344792 /* Frameworks */,
				D3AF3E582B747A9100344792 /* Resources */,
			);
			buildRules = (
			);
			dependencies = (
			);
			name = AppStoreClone;
			packageProductDependencies = (
				D3AF3E7A2B74A07C00344792 /* SnapKit */,
				D3B6D19B2BC6CBF800FFE51E /* SDWebImage */,
			);
			productName = AppStoreClone;
			productReference = D3AF3E5A2B747A9100344792 /* AppStoreClone.app */;
			productType = "com.apple.product-type.application";
		};
/* End PBXNativeTarget section */

/* Begin PBXProject section */
		D3AF3E522B747A9100344792 /* Project object */ = {
			isa = PBXProject;
			attributes = {
				BuildIndependentTargetsInParallel = 1;
				LastSwiftUpdateCheck = 1430;
				LastUpgradeCheck = 1430;
				TargetAttributes = {
					D3AF3E592B747A9100344792 = {
						CreatedOnToolsVersion = 14.3.1;
					};
				};
			};
			buildConfigurationList = D3AF3E552B747A9100344792 /* Build configuration list for PBXProject "AppStoreClone" */;
			compatibilityVersion = "Xcode 14.0";
			developmentRegion = en;
			hasScannedForEncodings = 0;
			knownRegions = (
				en,
				Base,
			);
			mainGroup = D3AF3E512B747A9100344792;
			packageReferences = (
				D3AF3E792B74A07C00344792 /* XCRemoteSwiftPackageReference "SnapKit" */,
				D3B6D19A2BC6CBF800FFE51E /* XCRemoteSwiftPackageReference "SDWebImage" */,
			);
			productRefGroup = D3AF3E5B2B747A9100344792 /* Products */;
			projectDirPath = "";
			projectRoot = "";
			targets = (
				D3AF3E592B747A9100344792 /* AppStoreClone */,
			);
		};
/* End PBXProject section */

/* Begin PBXResourcesBuildPhase section */
		D3AF3E582B747A9100344792 /* Resources */ = {
			isa = PBXResourcesBuildPhase;
			buildActionMask = 2147483647;
			files = (
				D3AF3E6A2B747A9300344792 /* LaunchScreen.storyboard in Resources */,
				D3AF3E672B747A9300344792 /* Assets.xcassets in Resources */,
				D3AF3E652B747A9100344792 /* Main.storyboard in Resources */,
			);
			runOnlyForDeploymentPostprocessing = 0;
		};
/* End PBXResourcesBuildPhase section */

/* Begin PBXSourcesBuildPhase section */
		D3AF3E562B747A9100344792 /* Sources */ = {
			isa = PBXSourcesBuildPhase;
			buildActionMask = 2147483647;
			files = (
				D3AF3E732B74873D00344792 /* BaseTabBarController.swift in Sources */,
				D3AF3E622B747A9100344792 /* ViewController.swift in Sources */,
				D3E792232BC594A50099D3D7 /* SearchResult.swift in Sources */,
				D3470F7A2BE0DDB5006B3A0B /* BetterSnappingLayout.swift in Sources */,
				D3A382EC2BD57F7A00ABD53A /* AppsPageHeader.swift in Sources */,
				D3877E6C2C1F40D20022D913 /* ReviewRowCell.swift in Sources */,
				D3B586302BCC4AC700FFFA12 /* AppsController.swift in Sources */,
				D3AB7C9F2BE6B505002B321F /* PreviewCell.swift in Sources */,
				D39C28B12BDFC1B300DA6D13 /* SocialApp.swift in Sources */,
				D3877E6E2C1F41680022D913 /* ReviewsController.swift in Sources */,
				D3A382F02BD58B8800ABD53A /* AppsHeaderCell.swift in Sources */,
				D3AF3E5E2B747A9100344792 /* AppDelegate.swift in Sources */,
				D3B586322BCC4AEA00FFFA12 /* BaseListController.swift in Sources */,
				D3B3875A2BD248E500FB552D /* AppRowCell.swift in Sources */,
				D3AF3E602B747A9100344792 /* SceneDelegate.swift in Sources */,
				D3A46B272BE802BA0018092F /* UIButton+Extensions.swift in Sources */,
				D3AB7CA12BE6B77C002B321F /* PreviewScreenshotsController.swift in Sources */,
				D3B586362BCC4C5700FFFA12 /* AppsGroupCell.swift in Sources */,
				D3A382EE2BD581A500ABD53A /* AppsHeaderHorizontalController.swift in Sources */,
				D3A46B252BE802880018092F /* UILabel+Extensions.swift in Sources */,
				D3470F7F2BE0FA74006B3A0B /* AppDetailController.swift in Sources */,
				D3E792262BC599950099D3D7 /* Service.swift in Sources */,
				D3877E702C1F41B60022D913 /* ReviewCell.swift in Sources */,
				D38614B52BDD7D61000E1701 /* AppGroup.swift in Sources */,
				D3AF3E782B749F4700344792 /* SearchResultCell.swift in Sources */,
				D3A46B292BE803030018092F /* UIImageView+Extensions.swift in Sources */,
				D3AF3E752B74985800344792 /* AppSearchControllerViewController.swift in Sources */,
				D3B586382BCC4E3900FFFA12 /* AppsHorizontalController.swift in Sources */,
				D3470F822BE2A765006B3A0B /* AppDetailCell.swift in Sources */,
				D3F951BA2B7DDC26006C8D2D /* VerticalStackView.swift in Sources */,
				D3470F782BE0DD98006B3A0B /* HorizontalSnappingController.swift in Sources */,
			);
			runOnlyForDeploymentPostprocessing = 0;
		};
/* End PBXSourcesBuildPhase section */

/* Begin PBXVariantGroup section */
		D3AF3E632B747A9100344792 /* Main.storyboard */ = {
			isa = PBXVariantGroup;
			children = (
				D3AF3E642B747A9100344792 /* Base */,
			);
			name = Main.storyboard;
			sourceTree = "<group>";
		};
		D3AF3E682B747A9300344792 /* LaunchScreen.storyboard */ = {
			isa = PBXVariantGroup;
			children = (
				D3AF3E692B747A9300344792 /* Base */,
			);
			name = LaunchScreen.storyboard;
			sourceTree = "<group>";
		};
/* End PBXVariantGroup section */

/* Begin XCBuildConfiguration section */
		D3AF3E6C2B747A9300344792 /* Debug */ = {
			isa = XCBuildConfiguration;
			buildSettings = {
				ALWAYS_SEARCH_USER_PATHS = NO;
				CLANG_ANALYZER_NONNULL = YES;
				CLANG_ANALYZER_NUMBER_OBJECT_CONVERSION = YES_AGGRESSIVE;
				CLANG_CXX_LANGUAGE_STANDARD = "gnu++20";
				CLANG_ENABLE_MODULES = YES;
				CLANG_ENABLE_OBJC_ARC = YES;
				CLANG_ENABLE_OBJC_WEAK = YES;
				CLANG_WARN_BLOCK_CAPTURE_AUTORELEASING = YES;
				CLANG_WARN_BOOL_CONVERSION = YES;
				CLANG_WARN_COMMA = YES;
				CLANG_WARN_CONSTANT_CONVERSION = YES;
				CLANG_WARN_DEPRECATED_OBJC_IMPLEMENTATIONS = YES;
				CLANG_WARN_DIRECT_OBJC_ISA_USAGE = YES_ERROR;
				CLANG_WARN_DOCUMENTATION_COMMENTS = YES;
				CLANG_WARN_EMPTY_BODY = YES;
				CLANG_WARN_ENUM_CONVERSION = YES;
				CLANG_WARN_INFINITE_RECURSION = YES;
				CLANG_WARN_INT_CONVERSION = YES;
				CLANG_WARN_NON_LITERAL_NULL_CONVERSION = YES;
				CLANG_WARN_OBJC_IMPLICIT_RETAIN_SELF = YES;
				CLANG_WARN_OBJC_LITERAL_CONVERSION = YES;
				CLANG_WARN_OBJC_ROOT_CLASS = YES_ERROR;
				CLANG_WARN_QUOTED_INCLUDE_IN_FRAMEWORK_HEADER = YES;
				CLANG_WARN_RANGE_LOOP_ANALYSIS = YES;
				CLANG_WARN_STRICT_PROTOTYPES = YES;
				CLANG_WARN_SUSPICIOUS_MOVE = YES;
				CLANG_WARN_UNGUARDED_AVAILABILITY = YES_AGGRESSIVE;
				CLANG_WARN_UNREACHABLE_CODE = YES;
				CLANG_WARN__DUPLICATE_METHOD_MATCH = YES;
				COPY_PHASE_STRIP = NO;
				DEBUG_INFORMATION_FORMAT = dwarf;
				ENABLE_STRICT_OBJC_MSGSEND = YES;
				ENABLE_TESTABILITY = YES;
				GCC_C_LANGUAGE_STANDARD = gnu11;
				GCC_DYNAMIC_NO_PIC = NO;
				GCC_NO_COMMON_BLOCKS = YES;
				GCC_OPTIMIZATION_LEVEL = 0;
				GCC_PREPROCESSOR_DEFINITIONS = (
					"DEBUG=1",
					"$(inherited)",
				);
				GCC_WARN_64_TO_32_BIT_CONVERSION = YES;
				GCC_WARN_ABOUT_RETURN_TYPE = YES_ERROR;
				GCC_WARN_UNDECLARED_SELECTOR = YES;
				GCC_WARN_UNINITIALIZED_AUTOS = YES_AGGRESSIVE;
				GCC_WARN_UNUSED_FUNCTION = YES;
				GCC_WARN_UNUSED_VARIABLE = YES;
				IPHONEOS_DEPLOYMENT_TARGET = 16.4;
				MTL_ENABLE_DEBUG_INFO = INCLUDE_SOURCE;
				MTL_FAST_MATH = YES;
				ONLY_ACTIVE_ARCH = YES;
				SDKROOT = iphoneos;
				SWIFT_ACTIVE_COMPILATION_CONDITIONS = DEBUG;
				SWIFT_OPTIMIZATION_LEVEL = "-Onone";
			};
			name = Debug;
		};
		D3AF3E6D2B747A9300344792 /* Release */ = {
			isa = XCBuildConfiguration;
			buildSettings = {
				ALWAYS_SEARCH_USER_PATHS = NO;
				CLANG_ANALYZER_NONNULL = YES;
				CLANG_ANALYZER_NUMBER_OBJECT_CONVERSION = YES_AGGRESSIVE;
				CLANG_CXX_LANGUAGE_STANDARD = "gnu++20";
				CLANG_ENABLE_MODULES = YES;
				CLANG_ENABLE_OBJC_ARC = YES;
				CLANG_ENABLE_OBJC_WEAK = YES;
				CLANG_WARN_BLOCK_CAPTURE_AUTORELEASING = YES;
				CLANG_WARN_BOOL_CONVERSION = YES;
				CLANG_WARN_COMMA = YES;
				CLANG_WARN_CONSTANT_CONVERSION = YES;
				CLANG_WARN_DEPRECATED_OBJC_IMPLEMENTATIONS = YES;
				CLANG_WARN_DIRECT_OBJC_ISA_USAGE = YES_ERROR;
				CLANG_WARN_DOCUMENTATION_COMMENTS = YES;
				CLANG_WARN_EMPTY_BODY = YES;
				CLANG_WARN_ENUM_CONVERSION = YES;
				CLANG_WARN_INFINITE_RECURSION = YES;
				CLANG_WARN_INT_CONVERSION = YES;
				CLANG_WARN_NON_LITERAL_NULL_CONVERSION = YES;
				CLANG_WARN_OBJC_IMPLICIT_RETAIN_SELF = YES;
				CLANG_WARN_OBJC_LITERAL_CONVERSION = YES;
				CLANG_WARN_OBJC_ROOT_CLASS = YES_ERROR;
				CLANG_WARN_QUOTED_INCLUDE_IN_FRAMEWORK_HEADER = YES;
				CLANG_WARN_RANGE_LOOP_ANALYSIS = YES;
				CLANG_WARN_STRICT_PROTOTYPES = YES;
				CLANG_WARN_SUSPICIOUS_MOVE = YES;
				CLANG_WARN_UNGUARDED_AVAILABILITY = YES_AGGRESSIVE;
				CLANG_WARN_UNREACHABLE_CODE = YES;
				CLANG_WARN__DUPLICATE_METHOD_MATCH = YES;
				COPY_PHASE_STRIP = NO;
				DEBUG_INFORMATION_FORMAT = "dwarf-with-dsym";
				ENABLE_NS_ASSERTIONS = NO;
				ENABLE_STRICT_OBJC_MSGSEND = YES;
				GCC_C_LANGUAGE_STANDARD = gnu11;
				GCC_NO_COMMON_BLOCKS = YES;
				GCC_WARN_64_TO_32_BIT_CONVERSION = YES;
				GCC_WARN_ABOUT_RETURN_TYPE = YES_ERROR;
				GCC_WARN_UNDECLARED_SELECTOR = YES;
				GCC_WARN_UNINITIALIZED_AUTOS = YES_AGGRESSIVE;
				GCC_WARN_UNUSED_FUNCTION = YES;
				GCC_WARN_UNUSED_VARIABLE = YES;
				IPHONEOS_DEPLOYMENT_TARGET = 16.4;
				MTL_ENABLE_DEBUG_INFO = NO;
				MTL_FAST_MATH = YES;
				SDKROOT = iphoneos;
				SWIFT_COMPILATION_MODE = wholemodule;
				SWIFT_OPTIMIZATION_LEVEL = "-O";
				VALIDATE_PRODUCT = YES;
			};
			name = Release;
		};
		D3AF3E6F2B747A9300344792 /* Debug */ = {
			isa = XCBuildConfiguration;
			buildSettings = {
				ASSETCATALOG_COMPILER_APPICON_NAME = AppIcon;
				ASSETCATALOG_COMPILER_GLOBAL_ACCENT_COLOR_NAME = AccentColor;
				CODE_SIGN_STYLE = Automatic;
				CURRENT_PROJECT_VERSION = 1;
				GENERATE_INFOPLIST_FILE = YES;
				INFOPLIST_FILE = AppStoreClone/Info.plist;
				INFOPLIST_KEY_UIApplicationSupportsIndirectInputEvents = YES;
				INFOPLIST_KEY_UILaunchStoryboardName = LaunchScreen;
				INFOPLIST_KEY_UISupportedInterfaceOrientations_iPad = "UIInterfaceOrientationPortrait UIInterfaceOrientationPortraitUpsideDown UIInterfaceOrientationLandscapeLeft UIInterfaceOrientationLandscapeRight";
				INFOPLIST_KEY_UISupportedInterfaceOrientations_iPhone = "UIInterfaceOrientationPortrait UIInterfaceOrientationLandscapeLeft UIInterfaceOrientationLandscapeRight";
				LD_RUNPATH_SEARCH_PATHS = (
					"$(inherited)",
					"@executable_path/Frameworks",
				);
				MARKETING_VERSION = 1.0;
				PRODUCT_BUNDLE_IDENTIFIER = farabiisa.AppStoreClone;
				PRODUCT_NAME = "$(TARGET_NAME)";
				SWIFT_EMIT_LOC_STRINGS = YES;
				SWIFT_VERSION = 5.0;
				TARGETED_DEVICE_FAMILY = "1,2";
			};
			name = Debug;
		};
		D3AF3E702B747A9300344792 /* Release */ = {
			isa = XCBuildConfiguration;
			buildSettings = {
				ASSETCATALOG_COMPILER_APPICON_NAME = AppIcon;
				ASSETCATALOG_COMPILER_GLOBAL_ACCENT_COLOR_NAME = AccentColor;
				CODE_SIGN_STYLE = Automatic;
				CURRENT_PROJECT_VERSION = 1;
				GENERATE_INFOPLIST_FILE = YES;
				INFOPLIST_FILE = AppStoreClone/Info.plist;
				INFOPLIST_KEY_UIApplicationSupportsIndirectInputEvents = YES;
				INFOPLIST_KEY_UILaunchStoryboardName = LaunchScreen;
				INFOPLIST_KEY_UISupportedInterfaceOrientations_iPad = "UIInterfaceOrientationPortrait UIInterfaceOrientationPortraitUpsideDown UIInterfaceOrientationLandscapeLeft UIInterfaceOrientationLandscapeRight";
				INFOPLIST_KEY_UISupportedInterfaceOrientations_iPhone = "UIInterfaceOrientationPortrait UIInterfaceOrientationLandscapeLeft UIInterfaceOrientationLandscapeRight";
				LD_RUNPATH_SEARCH_PATHS = (
					"$(inherited)",
					"@executable_path/Frameworks",
				);
				MARKETING_VERSION = 1.0;
				PRODUCT_BUNDLE_IDENTIFIER = farabiisa.AppStoreClone;
				PRODUCT_NAME = "$(TARGET_NAME)";
				SWIFT_EMIT_LOC_STRINGS = YES;
				SWIFT_VERSION = 5.0;
				TARGETED_DEVICE_FAMILY = "1,2";
			};
			name = Release;
		};
/* End XCBuildConfiguration section */

/* Begin XCConfigurationList section */
		D3AF3E552B747A9100344792 /* Build configuration list for PBXProject "AppStoreClone" */ = {
			isa = XCConfigurationList;
			buildConfigurations = (
				D3AF3E6C2B747A9300344792 /* Debug */,
				D3AF3E6D2B747A9300344792 /* Release */,
			);
			defaultConfigurationIsVisible = 0;
			defaultConfigurationName = Release;
		};
		D3AF3E6E2B747A9300344792 /* Build configuration list for PBXNativeTarget "AppStoreClone" */ = {
			isa = XCConfigurationList;
			buildConfigurations = (
				D3AF3E6F2B747A9300344792 /* Debug */,
				D3AF3E702B747A9300344792 /* Release */,
			);
			defaultConfigurationIsVisible = 0;
			defaultConfigurationName = Release;
		};
/* End XCConfigurationList section */

/* Begin XCRemoteSwiftPackageReference section */
		D3AF3E792B74A07C00344792 /* XCRemoteSwiftPackageReference "SnapKit" */ = {
			isa = XCRemoteSwiftPackageReference;
			repositoryURL = "https://github.com/SnapKit/SnapKit";
			requirement = {
				kind = upToNextMajorVersion;
				minimumVersion = 5.0.0;
			};
		};
		D3B6D19A2BC6CBF800FFE51E /* XCRemoteSwiftPackageReference "SDWebImage" */ = {
			isa = XCRemoteSwiftPackageReference;
			repositoryURL = "https://github.com/SDWebImage/SDWebImage.git";
			requirement = {
				kind = upToNextMajorVersion;
				minimumVersion = 5.0.0;
			};
		};
/* End XCRemoteSwiftPackageReference section */

/* Begin XCSwiftPackageProductDependency section */
		D3AF3E7A2B74A07C00344792 /* SnapKit */ = {
			isa = XCSwiftPackageProductDependency;
			package = D3AF3E792B74A07C00344792 /* XCRemoteSwiftPackageReference "SnapKit" */;
			productName = SnapKit;
		};
		D3B6D19B2BC6CBF800FFE51E /* SDWebImage */ = {
			isa = XCSwiftPackageProductDependency;
			package = D3B6D19A2BC6CBF800FFE51E /* XCRemoteSwiftPackageReference "SDWebImage" */;
			productName = SDWebImage;
		};
/* End XCSwiftPackageProductDependency section */
	};
	rootObject = D3AF3E522B747A9100344792 /* Project object */;
}
